{
  "name": "@rotom/extension",
  "version": "0.1.0",
  "lockfileVersion": 3,
  "requires": true,
  "packages": {
    "": {
      "name": "@rotom/extension",
      "version": "0.1.0",
      "devDependencies": {
        "@types/firefox-webext-browser": "^120.0.4",
        "typescript": "^5.7.2"
      }
    },
    "node_modules/@types/firefox-webext-browser": {
      "version": "120.0.5",
      "resolved": "https://registry.npmjs.org/@types/firefox-webext-browser/-/firefox-webext-browser-120.0.5.tgz",
      "integrity": "sha512-imn8ecga0HQWcOSvxy9i0lD+7vpHgkj1NVLvXS1lNHqHt03Z4QwazeEdoWe+C9JXpmVyKiRanb+z9D/w001tRg==",
      "dev": true,
      "license": "MIT"
    },
    "node_modules/typescript": {
      "version": "5.9.3",
      "resolved": "https://registry.npmjs.org/typescript/-/typescript-5.9.3.tgz",
      "integrity": "sha512-jl1vZzPDinLr9eUt3J/t7V6FgNEw9QjvBPdysz9KfQDD41fQrC2Y4vKQdiaUpFT4bXlb1RHhLpp8wtm6M5TgSw==",
      "dev": true,
      "license": "Apache-2.0",
      "bin": {
        "tsc": "bin/tsc",
        "tsserver": "bin/tsserver"
      },
      "engines": {
        "node": ">=14.17"
      }
    }
  }
}
